
Microsoft Visual Studio Solution File, Format Version 12.00
# Visual Studio Version 17
VisualStudioVersion = 17.13.35931.197 d17.13
MinimumVisualStudioVersion = 10.0.40219.1
Project("{FAE04EC0-301F-11D3-BF4B-00C04F79EFBC}") = "SOLID_D1", "SOLID_D1\SOLID_D1.csproj", "{5D2FFEE6-8133-4EEC-8702-570259FB7F87}"
EndProject
Global
	GlobalSection(SolutionConfigurationPlatforms) = preSolution
		Debug|Any CPU = Debug|Any CPU
		Release|Any CPU = Release|Any CPU
	EndGlobalSection
	GlobalSection(ProjectConfigurationPlatforms) = postSolution
		{5D2FFEE6-8133-4EEC-8702-570259FB7F87}.Debug|Any CPU.ActiveCfg = Debug|Any CPU
		{5D2FFEE6-8133-4EEC-8702-570259FB7F87}.Debug|Any CPU.Build.0 = Debug|Any CPU
		{5D2FFEE6-8133-4EEC-8702-570259FB7F87}.Release|Any CPU.ActiveCfg = Release|Any CPU
		{5D2FFEE6-8133-4EEC-8702-570259FB7F87}.Release|Any CPU.Build.0 = Release|Any CPU
	EndGlobalSection
	GlobalSection(SolutionProperties) = preSolution
		HideSolutionNode = FALSE
	EndGlobalSection
	GlobalSection(ExtensibilityGlobals) = postSolution
		SolutionGuid = {7E9F32BB-5865-440E-8B5F-3E4FAE385E9B}
	EndGlobalSection
EndGlobal
